
Microsoft Visual Studio Solution File, Format Version 12.00
# Visual Studio 2013
VisualStudioVersion = 12.0.31101.0
MinimumVisualStudioVersion = 10.0.40219.1
Project("{FAE04EC0-301F-11D3-BF4B-00C04F79EFBC}") = "Treeview 2", "Treeview 2\Treeview 2.csproj", "{320837C9-8F7C-4BDD-BAF4-163ACC94ED5E}"
EndProject
Global
	GlobalSection(SolutionConfigurationPlatforms) = preSolution
		Debug|Any CPU = Debug|Any CPU
		Release|Any CPU = Release|Any CPU
	EndGlobalSection
	GlobalSection(ProjectConfigurationPlatforms) = postSolution
		{320837C9-8F7C-4BDD-BAF4-163ACC94ED5E}.Debug|Any CPU.ActiveCfg = Debug|Any CPU
		{320837C9-8F7C-4BDD-BAF4-163ACC94ED5E}.Debug|Any CPU.Build.0 = Debug|Any CPU
		{320837C9-8F7C-4BDD-BAF4-163ACC94ED5E}.Release|Any CPU.ActiveCfg = Release|Any CPU
		{320837C9-8F7C-4BDD-BAF4-163ACC94ED5E}.Release|Any CPU.Build.0 = Release|Any CPU
	EndGlobalSection
	GlobalSection(SolutionProperties) = preSolution
		HideSolutionNode = FALSE
	EndGlobalSection
EndGlobal
